
Microsoft Visual Studio Solution File, Format Version 12.00
# Visual Studio Version 17
VisualStudioVersion = 17.10.35013.160
MinimumVisualStudioVersion = 10.0.40219.1
Project("{FAE04EC0-301F-11D3-BF4B-00C04F79EFBC}") = "QM-ContextMenuHotkeys", "QM-ContextMenuHotkeys.csproj", "{32EA37B7-4AC0-4F6F-9497-6EA34AD3BF8D}"
EndProject
Global
	GlobalSection(SolutionConfigurationPlatforms) = preSolution
		Debug|Any CPU = Debug|Any CPU
		Release|Any CPU = Release|Any CPU
	EndGlobalSection
	GlobalSection(ProjectConfigurationPlatforms) = postSolution
		{32EA37B7-4AC0-4F6F-9497-6EA34AD3BF8D}.Debug|Any CPU.ActiveCfg = Debug|Any CPU
		{32EA37B7-4AC0-4F6F-9497-6EA34AD3BF8D}.Debug|Any CPU.Build.0 = Debug|Any CPU
		{32EA37B7-4AC0-4F6F-9497-6EA34AD3BF8D}.Release|Any CPU.ActiveCfg = Release|Any CPU
		{32EA37B7-4AC0-4F6F-9497-6EA34AD3BF8D}.Release|Any CPU.Build.0 = Release|Any CPU
	EndGlobalSection
	GlobalSection(SolutionProperties) = preSolution
		HideSolutionNode = FALSE
	EndGlobalSection
	GlobalSection(ExtensibilityGlobals) = postSolution
		SolutionGuid = {1851D915-8B86-486C-8A08-AA428EDBF0CC}
	EndGlobalSection
EndGlobal
